
Microsoft Visual Studio Solution File, Format Version 12.00
# Visual Studio Version 17
VisualStudioVersion = 17.8.34511.84
MinimumVisualStudioVersion = 10.0.40219.1
Project("{8BC9CEB8-8B4A-11D0-8D11-00A0C91BC942}") = "DiceRoller", "DiceRoller\DiceRoller.vcxproj", "{A12BB640-355E-455E-BA49-4D8E4A4E76CD}"
EndProject
Global
	GlobalSection(SolutionConfigurationPlatforms) = preSolution
		Debug|x64 = Debug|x64
		Debug|x86 = Debug|x86
		Release|x64 = Release|x64
		Release|x86 = Release|x86
	EndGlobalSection
	GlobalSection(ProjectConfigurationPlatforms) = postSolution
		{A12BB640-355E-455E-BA49-4D8E4A4E76CD}.Debug|x64.ActiveCfg = Debug|x64
		{A12BB640-355E-455E-BA49-4D8E4A4E76CD}.Debug|x64.Build.0 = Debug|x64
		{A12BB640-355E-455E-BA49-4D8E4A4E76CD}.Debug|x86.ActiveCfg = Debug|Win32
		{A12BB640-355E-455E-BA49-4D8E4A4E76CD}.Debug|x86.Build.0 = Debug|Win32
		{A12BB640-355E-455E-BA49-4D8E4A4E76CD}.Release|x64.ActiveCfg = Release|x64
		{A12BB640-355E-455E-BA49-4D8E4A4E76CD}.Release|x64.Build.0 = Release|x64
		{A12BB640-355E-455E-BA49-4D8E4A4E76CD}.Release|x86.ActiveCfg = Release|Win32
		{A12BB640-355E-455E-BA49-4D8E4A4E76CD}.Release|x86.Build.0 = Release|Win32
	EndGlobalSection
	GlobalSection(SolutionProperties) = preSolution
		HideSolutionNode = FALSE
	EndGlobalSection
	GlobalSection(ExtensibilityGlobals) = postSolution
		SolutionGuid = {20C2721B-50EC-4765-A2FD-433615C62EDF}
	EndGlobalSection
EndGlobal
